
Microsoft Visual Studio Solution File, Format Version 12.00
# Visual Studio Version 16
VisualStudioVersion = 16.0.29503.13
MinimumVisualStudioVersion = 10.0.40219.1
Project("{FAE04EC0-301F-11D3-BF4B-00C04F79EFBC}") = "Cop", "COP\Cop.csproj", "{71B295D4-2725-4328-A6A1-EE151F1E38FD}"
EndProject
Project("{FAE04EC0-301F-11D3-BF4B-00C04F79EFBC}") = "Cop.Entidades", "Cop.Entidades\Cop.Entidades.csproj", "{FD24829D-AEAA-453D-9604-5407CD08CE90}"
EndProject
Project("{FAE04EC0-301F-11D3-BF4B-00C04F79EFBC}") = "Cop.API", "Cop.API\Cop.API.csproj", "{21974BEC-16D8-43D1-8C8D-5AB7F22B99E7}"
EndProject
Global
	GlobalSection(SolutionConfigurationPlatforms) = preSolution
		Debug|Any CPU = Debug|Any CPU
		Release|Any CPU = Release|Any CPU
	EndGlobalSection
	GlobalSection(ProjectConfigurationPlatforms) = postSolution
		{71B295D4-2725-4328-A6A1-EE151F1E38FD}.Debug|Any CPU.ActiveCfg = Debug|Any CPU
		{71B295D4-2725-4328-A6A1-EE151F1E38FD}.Debug|Any CPU.Build.0 = Debug|Any CPU
		{71B295D4-2725-4328-A6A1-EE151F1E38FD}.Release|Any CPU.ActiveCfg = Release|Any CPU
		{71B295D4-2725-4328-A6A1-EE151F1E38FD}.Release|Any CPU.Build.0 = Release|Any CPU
		{FD24829D-AEAA-453D-9604-5407CD08CE90}.Debug|Any CPU.ActiveCfg = Debug|Any CPU
		{FD24829D-AEAA-453D-9604-5407CD08CE90}.Debug|Any CPU.Build.0 = Debug|Any CPU
		{FD24829D-AEAA-453D-9604-5407CD08CE90}.Release|Any CPU.ActiveCfg = Release|Any CPU
		{FD24829D-AEAA-453D-9604-5407CD08CE90}.Release|Any CPU.Build.0 = Release|Any CPU
		{21974BEC-16D8-43D1-8C8D-5AB7F22B99E7}.Debug|Any CPU.ActiveCfg = Debug|Any CPU
		{21974BEC-16D8-43D1-8C8D-5AB7F22B99E7}.Debug|Any CPU.Build.0 = Debug|Any CPU
		{21974BEC-16D8-43D1-8C8D-5AB7F22B99E7}.Release|Any CPU.ActiveCfg = Release|Any CPU
		{21974BEC-16D8-43D1-8C8D-5AB7F22B99E7}.Release|Any CPU.Build.0 = Release|Any CPU
	EndGlobalSection
	GlobalSection(SolutionProperties) = preSolution
		HideSolutionNode = FALSE
	EndGlobalSection
	GlobalSection(ExtensibilityGlobals) = postSolution
		SolutionGuid = {A2E917B9-57BB-4F20-B63B-A49B1F2EAB30}
	EndGlobalSection
EndGlobal
